# This file was autogenerated by uv via the following command:
#    uv pip compile requirements.txt --python-version 3.13 --output-file requirements.lock
aiohappyeyeballs==2.7.1
    # via aiohttp
aiohttp==3.14.2
    # via pywebpush
aiosignal==1.4.0
    # via aiohttp
annotated-types==0.7.0
    # via pydantic
anyio==4.14.2
    # via httpx
attrs==26.1.0
    # via aiohttp
beautifulsoup4==4.15.0
    # via -r requirements.txt
certifi==2026.6.17
    # via
    #   httpcore
    #   httpx
    #   requests
cffi==2.1.0
    # via cryptography
charset-normalizer==3.4.9
    # via requests
cryptography==49.0.0
    # via
    #   http-ece
    #   py-vapid
    #   pyjwt
    #   pywebpush
defusedxml==0.7.1
    # via -r requirements.txt
deprecation==2.1.0
    # via
    #   postgrest
    #   storage3
frozenlist==1.8.0
    # via
    #   aiohttp
    #   aiosignal
h11==0.16.0
    # via httpcore
h2==4.3.0
    # via httpx
hpack==4.2.0
    # via h2
http-ece==1.2.1
    # via pywebpush
httpcore==1.0.9
    # via httpx
httpx==0.28.1
    # via
    #   postgrest
    #   storage3
    #   supabase
    #   supabase-auth
    #   supabase-functions
hyperframe==6.1.0
    # via h2
idna==3.18
    # via
    #   anyio
    #   httpx
    #   requests
    #   yarl
multidict==6.7.1
    # via
    #   aiohttp
    #   yarl
packaging==26.2
    # via deprecation
pillow==12.3.0
    # via -r requirements.txt
postgrest==2.31.0
    # via supabase
propcache==0.5.2
    # via
    #   aiohttp
    #   yarl
py-vapid==1.9.4
    # via pywebpush
pycparser==3.0
    # via cffi
pydantic==2.13.4
    # via
    #   postgrest
    #   realtime
    #   storage3
    #   supabase-auth
pydantic-core==2.46.4
    # via pydantic
pyjwt==2.13.0
    # via supabase-auth
python-dotenv==1.2.2
    # via -r requirements.txt
pywebpush==2.3.0
    # via -r requirements.txt
realtime==2.31.0
    # via supabase
requests==2.34.2
    # via
    #   -r requirements.txt
    #   pywebpush
soupsieve==2.8.4
    # via beautifulsoup4
storage3==2.31.0
    # via supabase
strenum==0.4.15
    # via supabase-functions
supabase==2.31.0
    # via -r requirements.txt
supabase-auth==2.31.0
    # via supabase
supabase-functions==2.31.0
    # via supabase
typing-extensions==4.16.0
    # via
    #   beautifulsoup4
    #   pydantic
    #   pydantic-core
    #   realtime
    #   typing-inspection
typing-inspection==0.4.2
    # via pydantic
urllib3==2.7.0
    # via requests
websockets==15.0.1
    # via realtime
yarl==1.24.2
    # via
    #   aiohttp
    #   postgrest
    #   storage3
    #   supabase
    #   supabase-functions
